Microsoft Visual Studio Solution File, Format Version 12.00
# Visual Studio Version 17
VisualStudioVersion = 17.5.2.0
MinimumVisualStudioVersion = 10.0.40219.1
Project("{FAE04EC0-301F-11D3-BF4B-00C04F79EFBC}") = "LibraryWebApp", "LibraryWebApp\LibraryWebApp.csproj", "{08DE743B-28C4-782C-4EE2-0EA82A77D900}"
EndProject
Global
	GlobalSection(SolutionConfigurationPlatforms) = preSolution
		Debug|Any CPU = Debug|Any CPU
		Release|Any CPU = Release|Any CPU
	EndGlobalSection
	GlobalSection(ProjectConfigurationPlatforms) = postSolution
		{08DE743B-28C4-782C-4EE2-0EA82A77D900}.Debug|Any CPU.ActiveCfg = Debug|Any CPU
		{08DE743B-28C4-782C-4EE2-0EA82A77D900}.Debug|Any CPU.Build.0 = Debug|Any CPU
		{08DE743B-28C4-782C-4EE2-0EA82A77D900}.Release|Any CPU.ActiveCfg = Release|Any CPU
		{08DE743B-28C4-782C-4EE2-0EA82A77D900}.Release|Any CPU.Build.0 = Release|Any CPU
	EndGlobalSection
	GlobalSection(SolutionProperties) = preSolution
		HideSolutionNode = FALSE
	EndGlobalSection
	GlobalSection(ExtensibilityGlobals) = postSolution
		SolutionGuid = {FF01E0A1-64C9-47B3-B219-8F887F5308EF}
	EndGlobalSection
EndGlobal
